// !$*UTF8*$!
{
	archiveVersion = 1;
	classes = {
	};
	objectVersion = 77;
	objects = {

/* Begin PBXBuildFile section */
		519955A13072B160004EB0D1 /* KeePassCore in Frameworks */ = {isa = PBXBuildFile; productRef = 519955A23072B160004EB0D1 /* KeePassCore */; };
/* End PBXBuildFile section */

/* Begin PBXContainerItemProxy section */
		519955743072B159004EB0D1 /* PBXContainerItemProxy */ = {
			isa = PBXContainerItemProxy;
			containerPortal = 5199555C3072B153004EB0D1 /* Project object */;
			proxyType = 1;
			remoteGlobalIDString = 519955633072B153004EB0D1;
			remoteInfo = keepassios;
		};
		5199557E3072B159004EB0D1 /* PBXContainerItemProxy */ = {
			isa = PBXContainerItemProxy;
			containerPortal = 5199555C3072B153004EB0D1 /* Project object */;
			proxyType = 1;
			remoteGlobalIDString = 519955633072B153004EB0D1;
			remoteInfo = keepassios;
		};
/* End PBXContainerItemProxy section */

/* Begin PBXFileReference section */
		519955643072B153004EB0D1 /* keepassios.app */ = {isa = PBXFileReference; explicitFileType = wrapper.application; includeInIndex = 0; path = keepassios.app; sourceTree = BUILT_PRODUCTS_DIR; };
		519955733072B159004EB0D1 /* keepassiosTests.xctest */ = {isa = PBXFileReference; explicitFileType = wrapper.cfbundle; includeInIndex = 0; path = keepassiosTests.xctest; sourceTree = BUILT_PRODUCTS_DIR; };
		5199557D3072B159004EB0D1 /* keepassiosUITests.xctest */ = {isa = PBXFileReference; explicitFileType = wrapper.cfbundle; includeInIndex = 0; path = keepassiosUITests.xctest; sourceTree = BUILT_PRODUCTS_DIR; };
/* End PBXFileReference section */

/* Begin PBXFileSystemSynchronizedRootGroup section */
		519955663072B153004EB0D1 /* keepassios */ = {
			isa = PBXFileSystemSynchronizedRootGroup;
			path = keepassios;
			sourceTree = "<group>";
		};
		519955763072B159004EB0D1 /* keepassiosTests */ = {
			isa = PBXFileSystemSynchronizedRootGroup;
			path = keepassiosTests;
			sourceTree = "<group>";
		};
		519955803072B159004EB0D1 /* keepassiosUITests */ = {
			isa = PBXFileSystemSynchronizedRootGroup;
			path = keepassiosUITests;
			sourceTree = "<group>";
		};
/* End PBXFileSystemSynchronizedRootGroup section */

/* Begin PBXFrameworksBuildPhase section */
		519955613072B153004EB0D1 /* Frameworks */ = {
			isa = PBXFrameworksBuildPhase;
			buildActionMask = 2147483647;
			files = (
				519955A13072B160004EB0D1 /* KeePassCore in Frameworks */,
			);
			runOnlyForDeploymentPostprocessing = 0;
		};
		519955703072B159004EB0D1 /* Frameworks */ = {
			isa = PBXFrameworksBuildPhase;
			buildActionMask = 2147483647;
			files = (
			);
			runOnlyForDeploymentPostprocessing = 0;
		};
		5199557A3072B159004EB0D1 /* Frameworks */ = {
			isa = PBXFrameworksBuildPhase;
			buildActionMask = 2147483647;
			files = (
			);
			runOnlyForDeploymentPostprocessing = 0;
		};
/* End PBXFrameworksBuildPhase section */

/* Begin PBXGroup section */
		5199555B3072B153004EB0D1 = {
			isa = PBXGroup;
			children = (
				519955663072B153004EB0D1 /* keepassios */,
				519955763072B159004EB0D1 /* keepassiosTests */,
				519955803072B159004EB0D1 /* keepassiosUITests */,
				519955653072B153004EB0D1 /* Products */,
			);
			sourceTree = "<group>";
		};
		519955653072B153004EB0D1 /* Products */ = {
			isa = PBXGroup;
			children = (
				519955643072B153004EB0D1 /* keepassios.app */,
				519955733072B159004EB0D1 /* keepassiosTests.xctest */,
				5199557D3072B159004EB0D1 /* keepassiosUITests.xctest */,
			);
			name = Products;
			sourceTree = "<group>";
		};
/* End PBXGroup section */

/* Begin PBXNativeTarget section */
		519955633072B153004EB0D1 /* keepassios */ = {
			isa = PBXNativeTarget;
			buildConfigurationList = 519955873072B159004EB0D1 /* Build configuration list for PBXNativeTarget "keepassios" */;
			buildPhases = (
				519955603072B153004EB0D1 /* Sources */,
				519955613072B153004EB0D1 /* Frameworks */,
				519955623072B153004EB0D1 /* Resources */,
			);
			buildRules = (
			);
			dependencies = (
			);
			fileSystemSynchronizedGroups = (
				519955663072B153004EB0D1 /* keepassios */,
			);
			name = keepassios;
			packageProductDependencies = (
				519955A23072B160004EB0D1 /* KeePassCore */,
			);
			productName = keepassios;
			productReference = 519955643072B153004EB0D1 /* keepassios.app */;
			productType = "com.apple.product-type.application";
		};
		519955723072B159004EB0D1 /* keepassiosTests */ = {
			isa = PBXNativeTarget;
			buildConfigurationList = 5199558A3072B159004EB0D1 /* Build configuration list for PBXNativeTarget "keepassiosTests" */;
			buildPhases = (
				5199556F3072B159004EB0D1 /* Sources */,
				519955703072B159004EB0D1 /* Frameworks */,
				519955713072B159004EB0D1 /* Resources */,
			);
			buildRules = (
			);
			dependencies = (
				519955753072B159004EB0D1 /* PBXTargetDependency */,
			);
			fileSystemSynchronizedGroups = (
				519955763072B159004EB0D1 /* keepassiosTests */,
			);
			name = keepassiosTests;
			packageProductDependencies = (
			);
			productName = keepassiosTests;
			productReference = 519955733072B159004EB0D1 /* keepassiosTests.xctest */;
			productType = "com.apple.product-type.bundle.unit-test";
		};
		5199557C3072B159004EB0D1 /* keepassiosUITests */ = {
			isa = PBXNativeTarget;
			buildConfigurationList = 5199558D3072B159004EB0D1 /* Build configuration list for PBXNativeTarget "keepassiosUITests" */;
			buildPhases = (
				519955793072B159004EB0D1 /* Sources */,
				5199557A3072B159004EB0D1 /* Frameworks */,
				5199557B3072B159004EB0D1 /* Resources */,
			);
			buildRules = (
			);
			dependencies = (
				5199557F3072B159004EB0D1 /* PBXTargetDependency */,
			);
			fileSystemSynchronizedGroups = (
				519955803072B159004EB0D1 /* keepassiosUITests */,
			);
			name = keepassiosUITests;
			packageProductDependencies = (
			);
			productName = keepassiosUITests;
			productReference = 5199557D3072B159004EB0D1 /* keepassiosUITests.xctest */;
			productType = "com.apple.product-type.bundle.ui-testing";
		};
/* End PBXNativeTarget section */

/* Begin PBXProject section */
		5199555C3072B153004EB0D1 /* Project object */ = {
			isa = PBXProject;
			attributes = {
				BuildIndependentTargetsInParallel = 1;
				LastSwiftUpdateCheck = 2660;
				LastUpgradeCheck = 2660;
				TargetAttributes = {
					519955633072B153004EB0D1 = {
						CreatedOnToolsVersion = 26.6;
					};
					519955723072B159004EB0D1 = {
						CreatedOnToolsVersion = 26.6;
						TestTargetID = 519955633072B153004EB0D1;
					};
					5199557C3072B159004EB0D1 = {
						CreatedOnToolsVersion = 26.6;
						TestTargetID = 519955633072B153004EB0D1;
					};
				};
			};
			buildConfigurationList = 5199555F3072B153004EB0D1 /* Build configuration list for PBXProject "keepassios" */;
			developmentRegion = en;
			hasScannedForEncodings = 0;
			knownRegions = (
				en,
				Base,
			);
			mainGroup = 5199555B3072B153004EB0D1;
			minimizedProjectReferenceProxies = 1;
			packageReferences = (
				519955A33072B160004EB0D1 /* XCLocalSwiftPackageReference "Packages/KeePassCore" */,
			);
			preferredProjectObjectVersion = 77;
			productRefGroup = 519955653072B153004EB0D1 /* Products */;
			projectDirPath = "";
			projectRoot = "";
			targets = (
				519955633072B153004EB0D1 /* keepassios */,
				519955723072B159004EB0D1 /* keepassiosTests */,
				5199557C3072B159004EB0D1 /* keepassiosUITests */,
			);
		};
/* End PBXProject section */

/* Begin PBXResourcesBuildPhase section */
		519955623072B153004EB0D1 /* Resources */ = {
			isa = PBXResourcesBuildPhase;
			buildActionMask = 2147483647;
			files = (
			);
			runOnlyForDeploymentPostprocessing = 0;
		};
		519955713072B159004EB0D1 /* Resources */ = {
			isa = PBXResourcesBuildPhase;
			buildActionMask = 2147483647;
			files = (
			);
			runOnlyForDeploymentPostprocessing = 0;
		};
		5199557B3072B159004EB0D1 /* Resources */ = {
			isa = PBXResourcesBuildPhase;
			buildActionMask = 2147483647;
			files = (
			);
			runOnlyForDeploymentPostprocessing = 0;
		};
/* End PBXResourcesBuildPhase section */

/* Begin PBXSourcesBuildPhase section */
		519955603072B153004EB0D1 /* Sources */ = {
			isa = PBXSourcesBuildPhase;
			buildActionMask = 2147483647;
			files = (
			);
			runOnlyForDeploymentPostprocessing = 0;
		};
		5199556F3072B159004EB0D1 /* Sources */ = {
			isa = PBXSourcesBuildPhase;
			buildActionMask = 2147483647;
			files = (
			);
			runOnlyForDeploymentPostprocessing = 0;
		};
		519955793072B159004EB0D1 /* Sources */ = {
			isa = PBXSourcesBuildPhase;
			buildActionMask = 2147483647;
			files = (
			);
			runOnlyForDeploymentPostprocessing = 0;
		};
/* End PBXSourcesBuildPhase section */

/* Begin PBXTargetDependency section */
		519955753072B159004EB0D1 /* PBXTargetDependency */ = {
			isa = PBXTargetDependency;
			target = 519955633072B153004EB0D1 /* keepassios */;
			targetProxy = 519955743072B159004EB0D1 /* PBXContainerItemProxy */;
		};
		5199557F3072B159004EB0D1 /* PBXTargetDependency */ = {
			isa = PBXTargetDependency;
			target = 519955633072B153004EB0D1 /* keepassios */;
			targetProxy = 5199557E3072B159004EB0D1 /* PBXContainerItemProxy */;
		};
/* End PBXTargetDependency section */

/* Begin XCBuildConfiguration section */
		519955853072B159004EB0D1 /* Debug */ = {
			isa = XCBuildConfiguration;
			buildSettings = {
				ALWAYS_SEARCH_USER_PATHS = NO;
				ASSETCATALOG_COMPILER_GENERATE_SWIFT_ASSET_SYMBOL_EXTENSIONS = YES;
				CLANG_ANALYZER_NONNULL = YES;
				CLANG_ANALYZER_NUMBER_OBJECT_CONVERSION = YES_AGGRESSIVE;
				CLANG_CXX_LANGUAGE_STANDARD = "gnu++20";
				CLANG_ENABLE_MODULES = YES;
				CLANG_ENABLE_OBJC_ARC = YES;
				CLANG_ENABLE_OBJC_WEAK = YES;
				CLANG_WARN_BLOCK_CAPTURE_AUTORELEASING = YES;
				CLANG_WARN_BOOL_CONVERSION = YES;
				CLANG_WARN_COMMA = YES;
				CLANG_WARN_CONSTANT_CONVERSION = YES;
				CLANG_WARN_DEPRECATED_OBJC_IMPLEMENTATIONS = YES;
				CLANG_WARN_DIRECT_OBJC_ISA_USAGE = YES_ERROR;
				CLANG_WARN_DOCUMENTATION_COMMENTS = YES;
				CLANG_WARN_EMPTY_BODY = YES;
				CLANG_WARN_ENUM_CONVERSION = YES;
				CLANG_WARN_INFINITE_RECURSION = YES;
				CLANG_WARN_INT_CONVERSION = YES;
				CLANG_WARN_NON_LITERAL_NULL_CONVERSION = YES;
				CLANG_WARN_OBJC_IMPLICIT_RETAIN_SELF = YES;
				CLANG_WARN_OBJC_LITERAL_CONVERSION = YES;
				CLANG_WARN_OBJC_ROOT_CLASS = YES_ERROR;
				CLANG_WARN_QUOTED_INCLUDE_IN_FRAMEWORK_HEADER = YES;
				CLANG_WARN_RANGE_LOOP_ANALYSIS = YES;
				CLANG_WARN_STRICT_PROTOTYPES = YES;
				CLANG_WARN_SUSPICIOUS_MOVE = YES;
				CLANG_WARN_UNGUARDED_AVAILABILITY = YES_AGGRESSIVE;
				CLANG_WARN_UNREACHABLE_CODE = YES;
				CLANG_WARN__DUPLICATE_METHOD_MATCH = YES;
				COPY_PHASE_STRIP = NO;
				DEBUG_INFORMATION_FORMAT = dwarf;
				DEVELOPMENT_TEAM = YXD4GPD63H;
				ENABLE_STRICT_OBJC_MSGSEND = YES;
				ENABLE_TESTABILITY = YES;
				ENABLE_USER_SCRIPT_SANDBOXING = YES;
				GCC_C_LANGUAGE_STANDARD = gnu17;
				GCC_DYNAMIC_NO_PIC = NO;
				GCC_NO_COMMON_BLOCKS = YES;
				GCC_OPTIMIZATION_LEVEL = 0;
				GCC_PREPROCESSOR_DEFINITIONS = (
					"DEBUG=1",
					"$(inherited)",
				);
				GCC_WARN_64_TO_32_BIT_CONVERSION = YES;
				GCC_WARN_ABOUT_RETURN_TYPE = YES_ERROR;
				GCC_WARN_UNDECLARED_SELECTOR = YES;
				GCC_WARN_UNINITIALIZED_AUTOS = YES_AGGRESSIVE;
				GCC_WARN_UNUSED_FUNCTION = YES;
				GCC_WARN_UNUSED_VARIABLE = YES;
				IPHONEOS_DEPLOYMENT_TARGET = 18.0;
				LOCALIZATION_PREFERS_STRING_CATALOGS = YES;
				MTL_ENABLE_DEBUG_INFO = INCLUDE_SOURCE;
				MTL_FAST_MATH = YES;
				ONLY_ACTIVE_ARCH = YES;
				SDKROOT = iphoneos;
				SWIFT_ACTIVE_COMPILATION_CONDITIONS = "DEBUG $(inherited)";
				SWIFT_OPTIMIZATION_LEVEL = "-Onone";
			};
			name = Debug;
		};
		519955863072B159004EB0D1 /* Release */ = {
			isa = XCBuildConfiguration;
			buildSettings = {
				ALWAYS_SEARCH_USER_PATHS = NO;
				ASSETCATALOG_COMPILER_GENERATE_SWIFT_ASSET_SYMBOL_EXTENSIONS = YES;
				CLANG_ANALYZER_NONNULL = YES;
				CLANG_ANALYZER_NUMBER_OBJECT_CONVERSION = YES_AGGRESSIVE;
				CLANG_CXX_LANGUAGE_STANDARD = "gnu++20";
				CLANG_ENABLE_MODULES = YES;
				CLANG_ENABLE_OBJC_ARC = YES;
				CLANG_ENABLE_OBJC_WEAK = YES;
				CLANG_WARN_BLOCK_CAPTURE_AUTORELEASING = YES;
				CLANG_WARN_BOOL_CONVERSION = YES;
				CLANG_WARN_COMMA = YES;
				CLANG_WARN_CONSTANT_CONVERSION = YES;
				CLANG_WARN_DEPRECATED_OBJC_IMPLEMENTATIONS = YES;
				CLANG_WARN_DIRECT_OBJC_ISA_USAGE = YES_ERROR;
				CLANG_WARN_DOCUMENTATION_COMMENTS = YES;
				CLANG_WARN_EMPTY_BODY = YES;
				CLANG_WARN_ENUM_CONVERSION = YES;
				CLANG_WARN_INFINITE_RECURSION = YES;
				CLANG_WARN_INT_CONVERSION = YES;
				CLANG_WARN_NON_LITERAL_NULL_CONVERSION = YES;
				CLANG_WARN_OBJC_IMPLICIT_RETAIN_SELF = YES;
				CLANG_WARN_OBJC_LITERAL_CONVERSION = YES;
				CLANG_WARN_OBJC_ROOT_CLASS = YES_ERROR;
				CLANG_WARN_QUOTED_INCLUDE_IN_FRAMEWORK_HEADER = YES;
				CLANG_WARN_RANGE_LOOP_ANALYSIS = YES;
				CLANG_WARN_STRICT_PROTOTYPES = YES;
				CLANG_WARN_SUSPICIOUS_MOVE = YES;
				CLANG_WARN_UNGUARDED_AVAILABILITY = YES_AGGRESSIVE;
				CLANG_WARN_UNREACHABLE_CODE = YES;
				CLANG_WARN__DUPLICATE_METHOD_MATCH = YES;
				COPY_PHASE_STRIP = NO;
				DEBUG_INFORMATION_FORMAT = "dwarf-with-dsym";
				DEVELOPMENT_TEAM = YXD4GPD63H;
				ENABLE_NS_ASSERTIONS = NO;
				ENABLE_STRICT_OBJC_MSGSEND = YES;
				ENABLE_USER_SCRIPT_SANDBOXING = YES;
				GCC_C_LANGUAGE_STANDARD = gnu17;
				GCC_NO_COMMON_BLOCKS = YES;
				GCC_WARN_64_TO_32_BIT_CONVERSION = YES;
				GCC_WARN_ABOUT_RETURN_TYPE = YES_ERROR;
				GCC_WARN_UNDECLARED_SELECTOR = YES;
				GCC_WARN_UNINITIALIZED_AUTOS = YES_AGGRESSIVE;
				GCC_WARN_UNUSED_FUNCTION = YES;
				GCC_WARN_UNUSED_VARIABLE = YES;
				IPHONEOS_DEPLOYMENT_TARGET = 18.0;
				LOCALIZATION_PREFERS_STRING_CATALOGS = YES;
				MTL_ENABLE_DEBUG_INFO = NO;
				MTL_FAST_MATH = YES;
				SDKROOT = iphoneos;
				SWIFT_COMPILATION_MODE = wholemodule;
				VALIDATE_PRODUCT = YES;
			};
			name = Release;
		};
		519955883072B159004EB0D1 /* Debug */ = {
			isa = XCBuildConfiguration;
			buildSettings = {
				ASSETCATALOG_COMPILER_APPICON_NAME = AppIcon;
				ASSETCATALOG_COMPILER_GLOBAL_ACCENT_COLOR_NAME = AccentColor;
				CODE_SIGN_STYLE = Automatic;
				CURRENT_PROJECT_VERSION = 1;
				DEVELOPMENT_TEAM = YXD4GPD63H;
				ENABLE_PREVIEWS = YES;
				CODE_SIGN_ENTITLEMENTS = keepassios/keepassios.entitlements;
				GENERATE_INFOPLIST_FILE = YES;
				INFOPLIST_FILE = "Config/keepassios-Info.plist";
				INFOPLIST_KEY_CFBundleDisplayName = KeePassIOS;
				INFOPLIST_KEY_LSSupportsOpeningDocumentsInPlace = YES;
				INFOPLIST_KEY_NSFaceIDUsageDescription = "Face ID unlocks your databases without typing the master password.";
				INFOPLIST_KEY_UIFileSharingEnabled = YES;
				INFOPLIST_KEY_LSApplicationCategoryType = "public.app-category.productivity";
				INFOPLIST_KEY_UIApplicationSceneManifest_Generation = YES;
				INFOPLIST_KEY_UIApplicationSupportsIndirectInputEvents = YES;
				INFOPLIST_KEY_UILaunchScreen_Generation = YES;
				INFOPLIST_KEY_UISupportedInterfaceOrientations_iPad = "UIInterfaceOrientationPortrait UIInterfaceOrientationPortraitUpsideDown UIInterfaceOrientationLandscapeLeft UIInterfaceOrientationLandscapeRight";
				INFOPLIST_KEY_UISupportedInterfaceOrientations_iPhone = "UIInterfaceOrientationPortrait UIInterfaceOrientationLandscapeLeft UIInterfaceOrientationLandscapeRight";
				LD_RUNPATH_SEARCH_PATHS = (
					"$(inherited)",
					"@executable_path/Frameworks",
				);
				MARKETING_VERSION = 1.0;
				PRODUCT_BUNDLE_IDENTIFIER = dev.guilhermenl.keepassios;
				PRODUCT_NAME = "$(TARGET_NAME)";
				STRING_CATALOG_GENERATE_SYMBOLS = YES;
				SWIFT_APPROACHABLE_CONCURRENCY = YES;
				SWIFT_DEFAULT_ACTOR_ISOLATION = MainActor;
				SWIFT_EMIT_LOC_STRINGS = YES;
				SWIFT_UPCOMING_FEATURE_MEMBER_IMPORT_VISIBILITY = YES;
				SWIFT_VERSION = 6.0;
				TARGETED_DEVICE_FAMILY = "1,2";
			};
			name = Debug;
		};
		519955893072B159004EB0D1 /* Release */ = {
			isa = XCBuildConfiguration;
			buildSettings = {
				ASSETCATALOG_COMPILER_APPICON_NAME = AppIcon;
				ASSETCATALOG_COMPILER_GLOBAL_ACCENT_COLOR_NAME = AccentColor;
				CODE_SIGN_STYLE = Automatic;
				CURRENT_PROJECT_VERSION = 1;
				DEVELOPMENT_TEAM = YXD4GPD63H;
				ENABLE_PREVIEWS = YES;
				CODE_SIGN_ENTITLEMENTS = keepassios/keepassios.entitlements;
				GENERATE_INFOPLIST_FILE = YES;
				INFOPLIST_FILE = "Config/keepassios-Info.plist";
				INFOPLIST_KEY_CFBundleDisplayName = KeePassIOS;
				INFOPLIST_KEY_LSSupportsOpeningDocumentsInPlace = YES;
				INFOPLIST_KEY_NSFaceIDUsageDescription = "Face ID unlocks your databases without typing the master password.";
				INFOPLIST_KEY_UIFileSharingEnabled = YES;
				INFOPLIST_KEY_LSApplicationCategoryType = "public.app-category.productivity";
				INFOPLIST_KEY_UIApplicationSceneManifest_Generation = YES;
				INFOPLIST_KEY_UIApplicationSupportsIndirectInputEvents = YES;
				INFOPLIST_KEY_UILaunchScreen_Generation = YES;
				INFOPLIST_KEY_UISupportedInterfaceOrientations_iPad = "UIInterfaceOrientationPortrait UIInterfaceOrientationPortraitUpsideDown UIInterfaceOrientationLandscapeLeft UIInterfaceOrientationLandscapeRight";
				INFOPLIST_KEY_UISupportedInterfaceOrientations_iPhone = "UIInterfaceOrientationPortrait UIInterfaceOrientationLandscapeLeft UIInterfaceOrientationLandscapeRight";
				LD_RUNPATH_SEARCH_PATHS = (
					"$(inherited)",
					"@executable_path/Frameworks",
				);
				MARKETING_VERSION = 1.0;
				PRODUCT_BUNDLE_IDENTIFIER = dev.guilhermenl.keepassios;
				PRODUCT_NAME = "$(TARGET_NAME)";
				STRING_CATALOG_GENERATE_SYMBOLS = YES;
				SWIFT_APPROACHABLE_CONCURRENCY = YES;
				SWIFT_DEFAULT_ACTOR_ISOLATION = MainActor;
				SWIFT_EMIT_LOC_STRINGS = YES;
				SWIFT_UPCOMING_FEATURE_MEMBER_IMPORT_VISIBILITY = YES;
				SWIFT_VERSION = 6.0;
				TARGETED_DEVICE_FAMILY = "1,2";
			};
			name = Release;
		};
		5199558B3072B159004EB0D1 /* Debug */ = {
			isa = XCBuildConfiguration;
			buildSettings = {
				BUNDLE_LOADER = "$(TEST_HOST)";
				CODE_SIGN_STYLE = Automatic;
				CURRENT_PROJECT_VERSION = 1;
				DEVELOPMENT_TEAM = YXD4GPD63H;
				GENERATE_INFOPLIST_FILE = YES;
				IPHONEOS_DEPLOYMENT_TARGET = 18.0;
				MARKETING_VERSION = 1.0;
				PRODUCT_BUNDLE_IDENTIFIER = dev.guilhermenl.keepassiosTests;
				PRODUCT_NAME = "$(TARGET_NAME)";
				STRING_CATALOG_GENERATE_SYMBOLS = NO;
				SWIFT_APPROACHABLE_CONCURRENCY = YES;
				SWIFT_EMIT_LOC_STRINGS = NO;
				SWIFT_UPCOMING_FEATURE_MEMBER_IMPORT_VISIBILITY = YES;
				SWIFT_VERSION = 6.0;
				TARGETED_DEVICE_FAMILY = "1,2";
				TEST_HOST = "$(BUILT_PRODUCTS_DIR)/keepassios.app/$(BUNDLE_EXECUTABLE_FOLDER_PATH)/keepassios";
			};
			name = Debug;
		};
		5199558C3072B159004EB0D1 /* Release */ = {
			isa = XCBuildConfiguration;
			buildSettings = {
				BUNDLE_LOADER = "$(TEST_HOST)";
				CODE_SIGN_STYLE = Automatic;
				CURRENT_PROJECT_VERSION = 1;
				DEVELOPMENT_TEAM = YXD4GPD63H;
				GENERATE_INFOPLIST_FILE = YES;
				IPHONEOS_DEPLOYMENT_TARGET = 18.0;
				MARKETING_VERSION = 1.0;
				PRODUCT_BUNDLE_IDENTIFIER = dev.guilhermenl.keepassiosTests;
				PRODUCT_NAME = "$(TARGET_NAME)";
				STRING_CATALOG_GENERATE_SYMBOLS = NO;
				SWIFT_APPROACHABLE_CONCURRENCY = YES;
				SWIFT_EMIT_LOC_STRINGS = NO;
				SWIFT_UPCOMING_FEATURE_MEMBER_IMPORT_VISIBILITY = YES;
				SWIFT_VERSION = 6.0;
				TARGETED_DEVICE_FAMILY = "1,2";
				TEST_HOST = "$(BUILT_PRODUCTS_DIR)/keepassios.app/$(BUNDLE_EXECUTABLE_FOLDER_PATH)/keepassios";
			};
			name = Release;
		};
		5199558E3072B159004EB0D1 /* Debug */ = {
			isa = XCBuildConfiguration;
			buildSettings = {
				CODE_SIGN_STYLE = Automatic;
				CURRENT_PROJECT_VERSION = 1;
				DEVELOPMENT_TEAM = YXD4GPD63H;
				GENERATE_INFOPLIST_FILE = YES;
				MARKETING_VERSION = 1.0;
				PRODUCT_BUNDLE_IDENTIFIER = dev.guilhermenl.keepassiosUITests;
				PRODUCT_NAME = "$(TARGET_NAME)";
				STRING_CATALOG_GENERATE_SYMBOLS = NO;
				SWIFT_APPROACHABLE_CONCURRENCY = YES;
				SWIFT_EMIT_LOC_STRINGS = NO;
				SWIFT_UPCOMING_FEATURE_MEMBER_IMPORT_VISIBILITY = YES;
				SWIFT_VERSION = 6.0;
				TARGETED_DEVICE_FAMILY = "1,2";
				TEST_TARGET_NAME = keepassios;
			};
			name = Debug;
		};
		5199558F3072B159004EB0D1 /* Release */ = {
			isa = XCBuildConfiguration;
			buildSettings = {
				CODE_SIGN_STYLE = Automatic;
				CURRENT_PROJECT_VERSION = 1;
				DEVELOPMENT_TEAM = YXD4GPD63H;
				GENERATE_INFOPLIST_FILE = YES;
				MARKETING_VERSION = 1.0;
				PRODUCT_BUNDLE_IDENTIFIER = dev.guilhermenl.keepassiosUITests;
				PRODUCT_NAME = "$(TARGET_NAME)";
				STRING_CATALOG_GENERATE_SYMBOLS = NO;
				SWIFT_APPROACHABLE_CONCURRENCY = YES;
				SWIFT_EMIT_LOC_STRINGS = NO;
				SWIFT_UPCOMING_FEATURE_MEMBER_IMPORT_VISIBILITY = YES;
				SWIFT_VERSION = 6.0;
				TARGETED_DEVICE_FAMILY = "1,2";
				TEST_TARGET_NAME = keepassios;
			};
			name = Release;
		};
/* End XCBuildConfiguration section */

/* Begin XCConfigurationList section */
		5199555F3072B153004EB0D1 /* Build configuration list for PBXProject "keepassios" */ = {
			isa = XCConfigurationList;
			buildConfigurations = (
				519955853072B159004EB0D1 /* Debug */,
				519955863072B159004EB0D1 /* Release */,
			);
			defaultConfigurationIsVisible = 0;
			defaultConfigurationName = Release;
		};
		519955873072B159004EB0D1 /* Build configuration list for PBXNativeTarget "keepassios" */ = {
			isa = XCConfigurationList;
			buildConfigurations = (
				519955883072B159004EB0D1 /* Debug */,
				519955893072B159004EB0D1 /* Release */,
			);
			defaultConfigurationIsVisible = 0;
			defaultConfigurationName = Release;
		};
		5199558A3072B159004EB0D1 /* Build configuration list for PBXNativeTarget "keepassiosTests" */ = {
			isa = XCConfigurationList;
			buildConfigurations = (
				5199558B3072B159004EB0D1 /* Debug */,
				5199558C3072B159004EB0D1 /* Release */,
			);
			defaultConfigurationIsVisible = 0;
			defaultConfigurationName = Release;
		};
		5199558D3072B159004EB0D1 /* Build configuration list for PBXNativeTarget "keepassiosUITests" */ = {
			isa = XCConfigurationList;
			buildConfigurations = (
				5199558E3072B159004EB0D1 /* Debug */,
				5199558F3072B159004EB0D1 /* Release */,
			);
			defaultConfigurationIsVisible = 0;
			defaultConfigurationName = Release;
		};
/* End XCConfigurationList section */

/* Begin XCLocalSwiftPackageReference section */
		519955A33072B160004EB0D1 /* XCLocalSwiftPackageReference "Packages/KeePassCore" */ = {
			isa = XCLocalSwiftPackageReference;
			relativePath = Packages/KeePassCore;
		};
/* End XCLocalSwiftPackageReference section */

/* Begin XCSwiftPackageProductDependency section */
		519955A23072B160004EB0D1 /* KeePassCore */ = {
			isa = XCSwiftPackageProductDependency;
			productName = KeePassCore;
		};
/* End XCSwiftPackageProductDependency section */
	};
	rootObject = 5199555C3072B153004EB0D1 /* Project object */;
}
